<?xml version="1.0" encoding="utf-8"?>
<Project ToolsVersion="4.0" xmlns="http://schemas.microsoft.com/developer/msbuild/2003">
  <ItemGroup>
    <Filter Include="Source Files">
      <UniqueIdentifier>{4FC737F1-C7A5-4376-A066-2A32D752A2FF}</UniqueIdentifier>
      <Extensions>cpp;c;cc;cxx;c++;cppm;ixx;def;odl;idl;hpj;bat;asm;asmx</Extensions>
    </Filter>
    <Filter Include="Header Files">
      <UniqueIdentifier>{93995380-89BD-4b04-88EB-625FBE52EBFB}</UniqueIdentifier>
      <Extensions>h;hh;hpp;hxx;h++;hm;inl;inc;ipp;xsd</Extensions>
    </Filter>
    <Filter Include="Resource Files">
      <UniqueIdentifier>{67DA6AB6-F800-4c08-8B7A-83BB121AAD01}</UniqueIdentifier>
      <Extensions>rc;ico;cur;bmp;dlg;rc2;rct;bin;rgs;gif;jpg;jpeg;jpe;resx;tiff;tif;png;wav;mfcribbon-ms</Extensions>
    </Filter>
    <Filter Include="Source Files\ex_1">
      <UniqueIdentifier>{1f621ee7-4a15-4cba-af35-1b1ab6f4fb05}</UniqueIdentifier>
    </Filter>
    <Filter Include="Source Files\ex_2">
      <UniqueIdentifier>{86449cf9-a441-4f57-82ab-ba2bf838c40c}</UniqueIdentifier>
    </Filter>
    <Filter Include="Header Files\algorithms">
      <UniqueIdentifier>{a81ecd5d-f6f8-4d06-8661-f1ce265fd74b}</UniqueIdentifier>
    </Filter>
    <Filter Include="Source Files\algorithms">
      <UniqueIdentifier>{8af3379c-f85e-49e9-85f1-809411152679}</UniqueIdentifier>
    </Filter>
    <Filter Include="Source Files\algorithms\bubble_sort">
      <UniqueIdentifier>{5ae9d8f6-c450-4a10-bca0-58c87f0e3cc2}</UniqueIdentifier>
    </Filter>
    <Filter Include="Source Files\algorithms\swap">
      <UniqueIdentifier>{322a200c-9e0e-4aa6-9ef5-37ca852848a9}</UniqueIdentifier>
    </Filter>
    <Filter Include="Source Files\algorithms\selection_sort">
      <UniqueIdentifier>{55f2a456-e857-45cb-a496-b7a8474872a1}</UniqueIdentifier>
    </Filter>
    <Filter Include="Source Files\algorithms\quick_sort">
      <UniqueIdentifier>{01bce4d7-b55d-40b8-999d-2d11cbf3eaf1}</UniqueIdentifier>
    </Filter>
    <Filter Include="Header Files\ex_2">
      <UniqueIdentifier>{ca5bedd0-4394-47f0-8e51-b0918ed81b61}</UniqueIdentifier>
    </Filter>
    <Filter Include="Header Files\ex_2\sort">
      <UniqueIdentifier>{474119d8-fa2e-430b-a63e-9e479f8b4956}</UniqueIdentifier>
    </Filter>
    <Filter Include="Source Files\ex_2\sort">
      <UniqueIdentifier>{a52bf355-fdd2-4fd8-86b1-d84634e38edb}</UniqueIdentifier>
    </Filter>
  </ItemGroup>
  <ItemGroup>
    <ClCompile Include="lesson_12.cpp">
      <Filter>Source Files</Filter>
    </ClCompile>
    <ClCompile Include="ex_1\ex_1.cpp">
      <Filter>Source Files\ex_1</Filter>
    </ClCompile>
    <ClCompile Include="ex_2\ex_2.cpp">
      <Filter>Source Files\ex_2</Filter>
    </ClCompile>
    <ClCompile Include="algorithms\swap\swap.cpp">
      <Filter>Source Files\algorithms\swap</Filter>
    </ClCompile>
    <ClCompile Include="algorithms\bubble_sort\bubble_sort.cpp">
      <Filter>Source Files\algorithms\bubble_sort</Filter>
    </ClCompile>
    <ClCompile Include="algorithms\selection_sort\selection_sort.cpp">
      <Filter>Source Files\algorithms\selection_sort</Filter>
    </ClCompile>
    <ClCompile Include="algorithms\quick_sort\quick_sort.cpp">
      <Filter>Source Files\algorithms\quick_sort</Filter>
    </ClCompile>
    <ClCompile Include="ex_2\sort\sort.cpp">
      <Filter>Source Files\ex_2\sort</Filter>
    </ClCompile>
  </ItemGroup>
  <ItemGroup>
    <ClInclude Include="Config.h">
      <Filter>Header Files</Filter>
    </ClInclude>
    <ClInclude Include="ex.h">
      <Filter>Header Files</Filter>
    </ClInclude>
    <ClInclude Include="algorithms\algorithms.h">
      <Filter>Header Files\algorithms</Filter>
    </ClInclude>
    <ClInclude Include="ex_2\sort\sort.h">
      <Filter>Header Files\ex_2\sort</Filter>
    </ClInclude>
  </ItemGroup>
</Project>