<?xml version="1.0" encoding="utf-8"?>
<Project ToolsVersion="4.0" xmlns="http://schemas.microsoft.com/developer/msbuild/2003">
  <ItemGroup>
    <Filter Include="Source Files">
      <UniqueIdentifier>{4FC737F1-C7A5-4376-A066-2A32D752A2FF}</UniqueIdentifier>
      <Extensions>cpp;c;cc;cxx;c++;cppm;ixx;def;odl;idl;hpj;bat;asm;asmx</Extensions>
    </Filter>
    <Filter Include="Header Files">
      <UniqueIdentifier>{93995380-89BD-4b04-88EB-625FBE52EBFB}</UniqueIdentifier>
      <Extensions>h;hh;hpp;hxx;h++;hm;inl;inc;ipp;xsd</Extensions>
    </Filter>
    <Filter Include="Resource Files">
      <UniqueIdentifier>{67DA6AB6-F800-4c08-8B7A-83BB121AAD01}</UniqueIdentifier>
      <Extensions>rc;ico;cur;bmp;dlg;rc2;rct;bin;rgs;gif;jpg;jpeg;jpe;resx;tiff;tif;png;wav;mfcribbon-ms</Extensions>
    </Filter>
    <Filter Include="Source Files\ex_1">
      <UniqueIdentifier>{314119e2-3e64-4796-9794-71a04b638c25}</UniqueIdentifier>
    </Filter>
    <Filter Include="Source Files\ex_2">
      <UniqueIdentifier>{311ea96d-7795-4f37-9ef7-0e20155754a7}</UniqueIdentifier>
    </Filter>
    <Filter Include="Source Files\ex_3">
      <UniqueIdentifier>{19169ebe-2193-4e03-9a53-8811ff4fec36}</UniqueIdentifier>
    </Filter>
    <Filter Include="Source Files\ex_4">
      <UniqueIdentifier>{f9b881a4-9976-4e85-a0e1-9e1a7fe0a33d}</UniqueIdentifier>
    </Filter>
    <Filter Include="Source Files\ex_5">
      <UniqueIdentifier>{db206d29-8a36-4f14-b17b-d4b9aa503ce2}</UniqueIdentifier>
    </Filter>
  </ItemGroup>
  <ItemGroup>
    <ClCompile Include="lesson_9.cpp">
      <Filter>Source Files</Filter>
    </ClCompile>
    <ClCompile Include="ex_1\ex_1.cpp">
      <Filter>Source Files\ex_1</Filter>
    </ClCompile>
    <ClCompile Include="ex_2\ex_2.cpp">
      <Filter>Source Files\ex_2</Filter>
    </ClCompile>
    <ClCompile Include="ex_3\ex_3.cpp">
      <Filter>Source Files\ex_3</Filter>
    </ClCompile>
    <ClCompile Include="ex_4\ex_4.cpp">
      <Filter>Source Files\ex_4</Filter>
    </ClCompile>
    <ClCompile Include="ex_5\ex_5.cpp">
      <Filter>Source Files\ex_5</Filter>
    </ClCompile>
  </ItemGroup>
  <ItemGroup>
    <ClInclude Include="Config.h">
      <Filter>Header Files</Filter>
    </ClInclude>
    <ClInclude Include="ex.h">
      <Filter>Header Files</Filter>
    </ClInclude>
  </ItemGroup>
</Project>