<?xml version="1.0" encoding="utf-8"?>
<Project ToolsVersion="4.0" xmlns="http://schemas.microsoft.com/developer/msbuild/2003">
  <ItemGroup>
    <Filter Include="Source Files">
      <UniqueIdentifier>{4FC737F1-C7A5-4376-A066-2A32D752A2FF}</UniqueIdentifier>
      <Extensions>cpp;c;cc;cxx;c++;cppm;ixx;def;odl;idl;hpj;bat;asm;asmx</Extensions>
    </Filter>
    <Filter Include="Header Files">
      <UniqueIdentifier>{93995380-89BD-4b04-88EB-625FBE52EBFB}</UniqueIdentifier>
      <Extensions>h;hh;hpp;hxx;h++;hm;inl;inc;ipp;xsd</Extensions>
    </Filter>
    <Filter Include="Resource Files">
      <UniqueIdentifier>{67DA6AB6-F800-4c08-8B7A-83BB121AAD01}</UniqueIdentifier>
      <Extensions>rc;ico;cur;bmp;dlg;rc2;rct;bin;rgs;gif;jpg;jpeg;jpe;resx;tiff;tif;png;wav;mfcribbon-ms</Extensions>
    </Filter>
    <Filter Include="Source Files\ex_1">
      <UniqueIdentifier>{5f420a37-201b-4b58-bdae-bdb06b48de30}</UniqueIdentifier>
    </Filter>
    <Filter Include="Header Files\ex_1">
      <UniqueIdentifier>{53692c75-4fff-491a-90ff-271d0577c2f6}</UniqueIdentifier>
    </Filter>
    <Filter Include="Source Files\ex_2">
      <UniqueIdentifier>{f1b9fa01-05be-4189-9bd2-002bf0f39df5}</UniqueIdentifier>
    </Filter>
    <Filter Include="Header Files\ex_2">
      <UniqueIdentifier>{0c508680-46da-4a73-b481-b75f718904e4}</UniqueIdentifier>
    </Filter>
    <Filter Include="Source Files\ex_3">
      <UniqueIdentifier>{4285d367-3495-45fc-9b2f-b713cebbb715}</UniqueIdentifier>
    </Filter>
    <Filter Include="Header Files\ex_3">
      <UniqueIdentifier>{c5e25614-bc65-4ae4-a1e1-6b3791b2b930}</UniqueIdentifier>
    </Filter>
    <Filter Include="Source Files\ex_4">
      <UniqueIdentifier>{64fd4426-2b2b-44c7-9f32-93a6eb260bd5}</UniqueIdentifier>
    </Filter>
    <Filter Include="Header Files\ex_4">
      <UniqueIdentifier>{acb6dd7d-264d-4cf4-9fff-eecf71dc7786}</UniqueIdentifier>
    </Filter>
  </ItemGroup>
  <ItemGroup>
    <ClCompile Include="lesson_8.cpp">
      <Filter>Source Files</Filter>
    </ClCompile>
    <ClCompile Include="ex_1\counting_numbers.cpp">
      <Filter>Source Files\ex_1</Filter>
    </ClCompile>
    <ClCompile Include="ex_1\ex_1.cpp">
      <Filter>Source Files\ex_1</Filter>
    </ClCompile>
    <ClCompile Include="ex_2\ex_2.cpp">
      <Filter>Source Files\ex_2</Filter>
    </ClCompile>
    <ClCompile Include="ex_2\factorial_using_recursion\factorial_using_recursion.cpp">
      <Filter>Source Files\ex_2</Filter>
    </ClCompile>
    <ClCompile Include="ex_2\factorial_using_recursion_reverse\factorial_using_recursion_reverse.cpp">
      <Filter>Source Files\ex_2</Filter>
    </ClCompile>
    <ClCompile Include="ex_2\factorial_using_loop\factorial_using_loop.cpp">
      <Filter>Source Files\ex_2</Filter>
    </ClCompile>
    <ClCompile Include="ex_3\ex_3.cpp">
      <Filter>Source Files\ex_3</Filter>
    </ClCompile>
    <ClCompile Include="ex_3\get_area\get_area.cpp">
      <Filter>Source Files\ex_3</Filter>
    </ClCompile>
    <ClCompile Include="ex_3\get_circumference\get_circumference.cpp">
      <Filter>Source Files\ex_3</Filter>
    </ClCompile>
    <ClCompile Include="ex_4\ex_4.cpp">
      <Filter>Source Files\ex_4</Filter>
    </ClCompile>
    <ClCompile Include="ex_4\print_natural_numbers_ascending\print_natural_numbers_ascending.cpp">
      <Filter>Source Files\ex_4</Filter>
    </ClCompile>
    <ClCompile Include="ex_4\print_natural_numbers_descending\print_natural_numbers_descending.cpp">
      <Filter>Source Files\ex_4</Filter>
    </ClCompile>
    <ClCompile Include="ex_4\print_natural_numbers_descending_recursive\print_natural_numbers_descending_recursive.cpp">
      <Filter>Source Files\ex_4</Filter>
    </ClCompile>
  </ItemGroup>
  <ItemGroup>
    <ClInclude Include="ex.h">
      <Filter>Header Files</Filter>
    </ClInclude>
    <ClInclude Include="ex_1\counting_numbers.h">
      <Filter>Header Files\ex_1</Filter>
    </ClInclude>
    <ClInclude Include="ex_2\factorial_using_recursion_reverse\factorial_using_recursion_reverse.h">
      <Filter>Header Files\ex_2</Filter>
    </ClInclude>
    <ClInclude Include="ex_2\factorial_using_recursion\factorial_using_recursion.h">
      <Filter>Header Files\ex_2</Filter>
    </ClInclude>
    <ClInclude Include="ex_2\factorial_using_loop\factorial_using_loop.h">
      <Filter>Header Files\ex_2</Filter>
    </ClInclude>
    <ClInclude Include="ex_3\get_area\get_area.h">
      <Filter>Header Files\ex_3</Filter>
    </ClInclude>
    <ClInclude Include="ex_3\get_circumference\get_circumference.h">
      <Filter>Header Files\ex_3</Filter>
    </ClInclude>
    <ClInclude Include="ex_4\print_natural_numbers_ascending\print_natural_numbers_ascending.h">
      <Filter>Header Files\ex_4</Filter>
    </ClInclude>
    <ClInclude Include="ex_4\print_natural_numbers_descending\print_natural_numbers_descending.h">
      <Filter>Header Files\ex_4</Filter>
    </ClInclude>
    <ClInclude Include="ex_4\print_natural_numbers_descending_recursive\print_natural_numbers_descending_recursive.h">
      <Filter>Header Files\ex_4</Filter>
    </ClInclude>
  </ItemGroup>
</Project>